# This file is automatically @generated by Cargo.
# It is not intended for manual editing.
version = 4

[[package]]
name = "worklane"
version = "0.0.1"
dependencies = [
 "worklane-core",
]

[[package]]
name = "worklane-core"
version = "0.0.1"

[[package]]
name = "worklane-memory"
version = "0.0.1"
dependencies = [
 "worklane-core",
]
